
Microsoft Visual Studio Solution File, Format Version 12.00
# Visual Studio Version 16
VisualStudioVersion = 16.0.31702.278
MinimumVisualStudioVersion = 10.0.40219.1
Project("{8BC9CEB8-8B4A-11D0-8D11-00A0C91BC942}") = "GenDmgCore", "projects\GenDmgCore\GenDmgCore.vcxproj", "{79DE2439-6FA5-464D-99F3-9C05A62417B0}"
EndProject
Project("{8BC9CEB8-8B4A-11D0-8D11-00A0C91BC942}") = "GenDmgView", "projects\GenDmgView\GenDmgView.vcxproj", "{B05359CB-532D-4F9A-B20E-FF0C7A6C296A}"
	ProjectSection(ProjectDependencies) = postProject
		{79DE2439-6FA5-464D-99F3-9C05A62417B0} = {79DE2439-6FA5-464D-99F3-9C05A62417B0}
	EndProjectSection
EndProject
Global
	GlobalSection(SolutionConfigurationPlatforms) = preSolution
		Debug|x64 = Debug|x64
		Debug|x86 = Debug|x86
		Release|x64 = Release|x64
		Release|x86 = Release|x86
	EndGlobalSection
	GlobalSection(ProjectConfigurationPlatforms) = postSolution
		{79DE2439-6FA5-464D-99F3-9C05A62417B0}.Debug|x64.ActiveCfg = Debug|x64
		{79DE2439-6FA5-464D-99F3-9C05A62417B0}.Debug|x64.Build.0 = Debug|x64
		{79DE2439-6FA5-464D-99F3-9C05A62417B0}.Debug|x86.ActiveCfg = Debug|Win32
		{79DE2439-6FA5-464D-99F3-9C05A62417B0}.Debug|x86.Build.0 = Debug|Win32
		{79DE2439-6FA5-464D-99F3-9C05A62417B0}.Release|x64.ActiveCfg = Release|x64
		{79DE2439-6FA5-464D-99F3-9C05A62417B0}.Release|x64.Build.0 = Release|x64
		{79DE2439-6FA5-464D-99F3-9C05A62417B0}.Release|x86.ActiveCfg = Release|Win32
		{79DE2439-6FA5-464D-99F3-9C05A62417B0}.Release|x86.Build.0 = Release|Win32
		{B05359CB-532D-4F9A-B20E-FF0C7A6C296A}.Debug|x64.ActiveCfg = Debug|x64
		{B05359CB-532D-4F9A-B20E-FF0C7A6C296A}.Debug|x64.Build.0 = Debug|x64
		{B05359CB-532D-4F9A-B20E-FF0C7A6C296A}.Debug|x86.ActiveCfg = Debug|Win32
		{B05359CB-532D-4F9A-B20E-FF0C7A6C296A}.Debug|x86.Build.0 = Debug|Win32
		{B05359CB-532D-4F9A-B20E-FF0C7A6C296A}.Release|x64.ActiveCfg = Release|x64
		{B05359CB-532D-4F9A-B20E-FF0C7A6C296A}.Release|x64.Build.0 = Release|x64
		{B05359CB-532D-4F9A-B20E-FF0C7A6C296A}.Release|x86.ActiveCfg = Release|x64
	EndGlobalSection
	GlobalSection(SolutionProperties) = preSolution
		HideSolutionNode = FALSE
	EndGlobalSection
	GlobalSection(ExtensibilityGlobals) = postSolution
		SolutionGuid = {1E5BB946-B7B8-4E93-9F29-89E4374928CD}
	EndGlobalSection
EndGlobal
