<?xml version="1.0" encoding="utf-8"?>
<Project ToolsVersion="4.0" xmlns="http://schemas.microsoft.com/developer/msbuild/2003">
  <ItemGroup>
    <Filter Include="Source Files">
      <UniqueIdentifier>{4FC737F1-C7A5-4376-A066-2A32D752A2FF}</UniqueIdentifier>
      <Extensions>cpp;c;cc;cxx;def;odl;idl;hpj;bat;asm;asmx</Extensions>
    </Filter>
    <Filter Include="Header Files">
      <UniqueIdentifier>{93995380-89BD-4b04-88EB-625FBE52EBFB}</UniqueIdentifier>
      <Extensions>h;hh;hpp;hxx;hm;inl;inc;xsd</Extensions>
    </Filter>
    <Filter Include="Resource Files">
      <UniqueIdentifier>{D9D6E242-F8AF-46E4-B9FD-80ECBC20BA3E}</UniqueIdentifier>
      <Extensions>qrc;*</Extensions>
      <ParseFiles>false</ParseFiles>
    </Filter>
    <Filter Include="Form Files">
      <UniqueIdentifier>{99349809-55BA-4b9d-BF79-8FDBB0286EB3}</UniqueIdentifier>
      <Extensions>ui</Extensions>
    </Filter>
    <Filter Include="Resource Files">
      <UniqueIdentifier>{D9D6E242-F8AF-46E4-B9FD-80ECBC20BA3E}</UniqueIdentifier>
      <Extensions>qrc;*</Extensions>
      <ParseFiles>false</ParseFiles>
    </Filter>
    <Filter Include="Resource Files\qss">
      <UniqueIdentifier>{30f1f555-6640-47db-8475-d59365c74575}</UniqueIdentifier>
    </Filter>
    <Filter Include="Resource Files\ts">
      <UniqueIdentifier>{2b3faa28-0476-467c-b5d2-d6b2ab2f9e5b}</UniqueIdentifier>
    </Filter>
  </ItemGroup>
  <ItemGroup>
    <ClCompile Include="..\..\src\GenDmgView\main.cpp">
      <Filter>Source Files</Filter>
    </ClCompile>
    <ClCompile Include="..\..\src\GenDmgView\MainFrame.cpp">
      <Filter>Source Files</Filter>
    </ClCompile>
    <ClCompile Include="..\..\src\GenDmgView\GenDmgApp.cpp">
      <Filter>Source Files</Filter>
    </ClCompile>
    <ClCompile Include="..\..\src\GenDmgView\QtAwesome.cpp">
      <Filter>Source Files</Filter>
    </ClCompile>
    <ClCompile Include="..\..\src\GenDmgView\QtAwesomeAnim.cpp">
      <Filter>Source Files</Filter>
    </ClCompile>
    <ClCompile Include="..\..\src\GenDmgView\AwesomeFontManager.cpp">
      <Filter>Source Files</Filter>
    </ClCompile>
    <ClCompile Include="..\..\src\GenDmgView\MainPanel.cpp">
      <Filter>Source Files</Filter>
    </ClCompile>
    <ClCompile Include="..\..\src\GenDmgView\TitlePanel.cpp">
      <Filter>Source Files</Filter>
    </ClCompile>
  </ItemGroup>
  <ItemGroup>
    <ClInclude Include="..\..\include\GenDmgView\ViewLogger.h">
      <Filter>Header Files</Filter>
    </ClInclude>
    <ClInclude Include="..\..\include\GenDmgView\AwesomeFontManager.h">
      <Filter>Header Files</Filter>
    </ClInclude>
  </ItemGroup>
  <ItemGroup>
    <None Include="res\qss\CommonStyle.qss">
      <Filter>Resource Files\qss</Filter>
    </None>
    <None Include="res\ts\zh.ts">
      <Filter>Resource Files\ts</Filter>
    </None>
    <None Include="res\ts\en.ts">
      <Filter>Resource Files\ts</Filter>
    </None>
  </ItemGroup>
  <ItemGroup>
    <QtMoc Include="..\..\include\GenDmgView\QtAwesome.h">
      <Filter>Header Files</Filter>
    </QtMoc>
    <QtMoc Include="..\..\include\GenDmgView\QtAwesomeAnim.h">
      <Filter>Header Files</Filter>
    </QtMoc>
    <QtMoc Include="..\..\include\GenDmgView\TitlePanel.h">
      <Filter>Header Files</Filter>
    </QtMoc>
    <QtMoc Include="..\..\include\GenDmgView\MainPanel.h">
      <Filter>Header Files</Filter>
    </QtMoc>
    <QtMoc Include="..\..\include\GenDmgView\MainFrame.h">
      <Filter>Header Files</Filter>
    </QtMoc>
    <QtMoc Include="..\..\include\GenDmgView\GenDmgApp.h">
      <Filter>Header Files</Filter>
    </QtMoc>
  </ItemGroup>
  <ItemGroup>
    <QtRcc Include="res\res.qrc">
      <Filter>Resource Files</Filter>
    </QtRcc>
  </ItemGroup>
</Project>